
Microsoft Visual Studio Solution File, Format Version 12.00
# Visual Studio Version 17
VisualStudioVersion = 17.14.36518.9 d17.14
MinimumVisualStudioVersion = 10.0.40219.1
Project("{FAE04EC0-301F-11D3-BF4B-00C04F79EFBC}") = "PRS", "PRS\PRS.csproj", "{B5284F89-A475-495F-B3CB-455F65073B4F}"
EndProject
Project("{2150E333-8FDC-42A3-9474-1A3956D46DE8}") = "Solution Items", "Solution Items", "{8EC462FD-D22E-90A8-E5CE-7E832BA40C5D}"
	ProjectSection(SolutionItems) = preProject
		.gitignore = .gitignore
	EndProjectSection
EndProject
Global
	GlobalSection(SolutionConfigurationPlatforms) = preSolution
		Debug|Any CPU = Debug|Any CPU
		Release|Any CPU = Release|Any CPU
	EndGlobalSection
	GlobalSection(ProjectConfigurationPlatforms) = postSolution
		{B5284F89-A475-495F-B3CB-455F65073B4F}.Debug|Any CPU.ActiveCfg = Debug|Any CPU
		{B5284F89-A475-495F-B3CB-455F65073B4F}.Debug|Any CPU.Build.0 = Debug|Any CPU
		{B5284F89-A475-495F-B3CB-455F65073B4F}.Release|Any CPU.ActiveCfg = Release|Any CPU
		{B5284F89-A475-495F-B3CB-455F65073B4F}.Release|Any CPU.Build.0 = Release|Any CPU
	EndGlobalSection
	GlobalSection(SolutionProperties) = preSolution
		HideSolutionNode = FALSE
	EndGlobalSection
	GlobalSection(ExtensibilityGlobals) = postSolution
		SolutionGuid = {70482D81-1ADC-4CE9-843E-E9393CA8491D}
	EndGlobalSection
EndGlobal
